
Microsoft Visual Studio Solution File, Format Version 12.00
# Visual Studio Version 17
VisualStudioVersion = 17.8.34330.188
MinimumVisualStudioVersion = 10.0.40219.1
Project("{FAE04EC0-301F-11D3-BF4B-00C04F79EFBC}") = "Lab_3", "Lab_3\Lab_3.csproj", "{193E21A7-1D5A-4976-B4DC-E8DF4406097B}"
EndProject
Project("{FAE04EC0-301F-11D3-BF4B-00C04F79EFBC}") = "TestLab_3", "TestLab_3\TestLab_3.csproj", "{B22308E9-698E-4AA4-8BE0-452B1B214C67}"
EndProject
Global
	GlobalSection(SolutionConfigurationPlatforms) = preSolution
		Debug|Any CPU = Debug|Any CPU
		Release|Any CPU = Release|Any CPU
	EndGlobalSection
	GlobalSection(ProjectConfigurationPlatforms) = postSolution
		{193E21A7-1D5A-4976-B4DC-E8DF4406097B}.Debug|Any CPU.ActiveCfg = Debug|Any CPU
		{193E21A7-1D5A-4976-B4DC-E8DF4406097B}.Debug|Any CPU.Build.0 = Debug|Any CPU
		{193E21A7-1D5A-4976-B4DC-E8DF4406097B}.Release|Any CPU.ActiveCfg = Release|Any CPU
		{193E21A7-1D5A-4976-B4DC-E8DF4406097B}.Release|Any CPU.Build.0 = Release|Any CPU
		{B22308E9-698E-4AA4-8BE0-452B1B214C67}.Debug|Any CPU.ActiveCfg = Debug|Any CPU
		{B22308E9-698E-4AA4-8BE0-452B1B214C67}.Debug|Any CPU.Build.0 = Debug|Any CPU
		{B22308E9-698E-4AA4-8BE0-452B1B214C67}.Release|Any CPU.ActiveCfg = Release|Any CPU
		{B22308E9-698E-4AA4-8BE0-452B1B214C67}.Release|Any CPU.Build.0 = Release|Any CPU
	EndGlobalSection
	GlobalSection(SolutionProperties) = preSolution
		HideSolutionNode = FALSE
	EndGlobalSection
	GlobalSection(ExtensibilityGlobals) = postSolution
		SolutionGuid = {3ECDD6E5-C16D-4F29-BD30-7DF778C9A03F}
	EndGlobalSection
EndGlobal
